# THIS IS AN AUTOGENERATED FILE. DO NOT EDIT THIS FILE DIRECTLY.
# yarn lockfile v1


"husky@9.1.7":
  "integrity" "sha512-5gs5ytaNjBrh5Ow3zrvdUUY+0VxIuWVL4i9irt6friV+BqdCfmV11CQTWMiBYWHbXhco+J1kHfTOUkePhCDvMA=="
  "resolved" "https://registry.npmjs.org/husky/-/husky-9.1.7.tgz"
  "version" "9.1.7"

"prettier@2.8.8":
  "integrity" "sha512-tdN8qQGvNjw4CHbY+XXk0JgCXn9QiF21a55rBe5LJAU+kDyC4WQn4+awm2Xfk2lQMk5fKup9XgzTZtGkjBdP9Q=="
  "resolved" "https://registry.npmjs.org/prettier/-/prettier-2.8.8.tgz"
  "version" "2.8.8"
