# THIS IS AN AUTOGENERATED FILE. DO NOT EDIT THIS FILE DIRECTLY.
# yarn lockfile v1


"husky@7.0.4":
  "integrity" "sha512-vbaCKN2QLtP/vD4yvs6iz6hBEo6wkSzs8HpRah1Z6aGmF2KW5PdYuAd7uX5a+OyBZHBhd+TFLqgjUgytQr4RvQ=="
  "resolved" "https://registry.npmjs.org/husky/-/husky-7.0.4.tgz"
  "version" "7.0.4"

"prettier@2.5.0":
  "integrity" "sha512-FM/zAKgWTxj40rH03VxzIPdXmj39SwSjwG0heUcNFwI+EMZJnY93yAiKXM3dObIKAM5TA88werc8T/EwhB45eg=="
  "resolved" "https://registry.npmjs.org/prettier/-/prettier-2.5.0.tgz"
  "version" "2.5.0"
